
Microsoft Visual Studio Solution File, Format Version 12.00
# Visual Studio Version 17
VisualStudioVersion = 17.5.33530.505
MinimumVisualStudioVersion = 10.0.40219.1
Project("{FAE04EC0-301F-11D3-BF4B-00C04F79EFBC}") = "Darshit_Practical-3 Web", "Darshit_Practical-3 Web\Darshit_Practical-3 Web.csproj", "{341ECE25-530C-4DA4-9D45-D541FA045637}"
EndProject
Project("{FAE04EC0-301F-11D3-BF4B-00C04F79EFBC}") = "Practical-3.DataAccess", "Practical-3.DataAccess\Practical-3.DataAccess.csproj", "{0BBA2673-2052-4B75-9591-A463B91591B9}"
EndProject
Project("{FAE04EC0-301F-11D3-BF4B-00C04F79EFBC}") = "Practical-3.Model", "Practical-3.Model\Practical-3.Model.csproj", "{33D2BA9A-6C26-4485-B20B-7FC0F5D18008}"
EndProject
Global
	GlobalSection(SolutionConfigurationPlatforms) = preSolution
		Debug|Any CPU = Debug|Any CPU
		Release|Any CPU = Release|Any CPU
	EndGlobalSection
	GlobalSection(ProjectConfigurationPlatforms) = postSolution
		{341ECE25-530C-4DA4-9D45-D541FA045637}.Debug|Any CPU.ActiveCfg = Debug|Any CPU
		{341ECE25-530C-4DA4-9D45-D541FA045637}.Debug|Any CPU.Build.0 = Debug|Any CPU
		{341ECE25-530C-4DA4-9D45-D541FA045637}.Release|Any CPU.ActiveCfg = Release|Any CPU
		{341ECE25-530C-4DA4-9D45-D541FA045637}.Release|Any CPU.Build.0 = Release|Any CPU
		{0BBA2673-2052-4B75-9591-A463B91591B9}.Debug|Any CPU.ActiveCfg = Debug|Any CPU
		{0BBA2673-2052-4B75-9591-A463B91591B9}.Debug|Any CPU.Build.0 = Debug|Any CPU
		{0BBA2673-2052-4B75-9591-A463B91591B9}.Release|Any CPU.ActiveCfg = Release|Any CPU
		{0BBA2673-2052-4B75-9591-A463B91591B9}.Release|Any CPU.Build.0 = Release|Any CPU
		{33D2BA9A-6C26-4485-B20B-7FC0F5D18008}.Debug|Any CPU.ActiveCfg = Debug|Any CPU
		{33D2BA9A-6C26-4485-B20B-7FC0F5D18008}.Debug|Any CPU.Build.0 = Debug|Any CPU
		{33D2BA9A-6C26-4485-B20B-7FC0F5D18008}.Release|Any CPU.ActiveCfg = Release|Any CPU
		{33D2BA9A-6C26-4485-B20B-7FC0F5D18008}.Release|Any CPU.Build.0 = Release|Any CPU
	EndGlobalSection
	GlobalSection(SolutionProperties) = preSolution
		HideSolutionNode = FALSE
	EndGlobalSection
	GlobalSection(ExtensibilityGlobals) = postSolution
		SolutionGuid = {339E15DE-C6CD-49E9-81C5-51DF2B23971B}
	EndGlobalSection
EndGlobal
